
Microsoft Visual Studio Solution File, Format Version 11.00
# Visual Studio 2010
Project("{8BC9CEB8-8B4A-11D0-8D11-00A0C91BC942}") = "HW1", "HW1\HW1.vcxproj", "{51CD8495-7D13-414F-BC70-CACAF2A63FE7}"
EndProject
Project("{8BC9CEB8-8B4A-11D0-8D11-00A0C91BC942}") = "HW2", "HW2\HW2.vcxproj", "{C9C78298-83BC-4E9C-8AC2-FEDB34863DE2}"
EndProject
Project("{8BC9CEB8-8B4A-11D0-8D11-00A0C91BC942}") = "HW3", "HW3\HW3.vcxproj", "{868A3B5E-56BC-49FD-9676-35FA7B417989}"
EndProject
Project("{8BC9CEB8-8B4A-11D0-8D11-00A0C91BC942}") = "HW4", "HW4\HW4.vcxproj", "{DFB5209B-222D-425F-8992-52957BB2C59E}"
EndProject
Project("{8BC9CEB8-8B4A-11D0-8D11-00A0C91BC942}") = "Scan", "Scan\Scan.vcxproj", "{A0A9F7F0-33B8-43EF-8588-171047BF2EF6}"
EndProject
Project("{8BC9CEB8-8B4A-11D0-8D11-00A0C91BC942}") = "RadixSort", "RadixSort\RadixSort.vcxproj", "{7A851EF5-396D-4221-B88E-982C19F04B76}"
EndProject
Project("{8BC9CEB8-8B4A-11D0-8D11-00A0C91BC942}") = "Transpose", "Transpose\Transpose.vcxproj", "{E8DC0ABD-CBC3-40FB-B5B7-2051982D462B}"
EndProject
Project("{8BC9CEB8-8B4A-11D0-8D11-00A0C91BC942}") = "HW5", "HW5\HW5.vcxproj", "{02CBB244-E11B-4A18-87AE-A3B5D76B0543}"
EndProject
Project("{8BC9CEB8-8B4A-11D0-8D11-00A0C91BC942}") = "HW6.1", "HW6.1\HW6.1.vcxproj", "{E0892C34-4D90-48E9-BDB7-738FC032EE37}"
EndProject
Global
	GlobalSection(SolutionConfigurationPlatforms) = preSolution
		Debug|Win32 = Debug|Win32
		Release|Win32 = Release|Win32
	EndGlobalSection
	GlobalSection(ProjectConfigurationPlatforms) = postSolution
		{51CD8495-7D13-414F-BC70-CACAF2A63FE7}.Debug|Win32.ActiveCfg = Debug|Win32
		{51CD8495-7D13-414F-BC70-CACAF2A63FE7}.Debug|Win32.Build.0 = Debug|Win32
		{51CD8495-7D13-414F-BC70-CACAF2A63FE7}.Release|Win32.ActiveCfg = Release|Win32
		{51CD8495-7D13-414F-BC70-CACAF2A63FE7}.Release|Win32.Build.0 = Release|Win32
		{C9C78298-83BC-4E9C-8AC2-FEDB34863DE2}.Debug|Win32.ActiveCfg = Debug|Win32
		{C9C78298-83BC-4E9C-8AC2-FEDB34863DE2}.Debug|Win32.Build.0 = Debug|Win32
		{C9C78298-83BC-4E9C-8AC2-FEDB34863DE2}.Release|Win32.ActiveCfg = Release|Win32
		{C9C78298-83BC-4E9C-8AC2-FEDB34863DE2}.Release|Win32.Build.0 = Release|Win32
		{868A3B5E-56BC-49FD-9676-35FA7B417989}.Debug|Win32.ActiveCfg = Debug|Win32
		{868A3B5E-56BC-49FD-9676-35FA7B417989}.Debug|Win32.Build.0 = Debug|Win32
		{868A3B5E-56BC-49FD-9676-35FA7B417989}.Release|Win32.ActiveCfg = Release|Win32
		{868A3B5E-56BC-49FD-9676-35FA7B417989}.Release|Win32.Build.0 = Release|Win32
		{DFB5209B-222D-425F-8992-52957BB2C59E}.Debug|Win32.ActiveCfg = Debug|Win32
		{DFB5209B-222D-425F-8992-52957BB2C59E}.Debug|Win32.Build.0 = Debug|Win32
		{DFB5209B-222D-425F-8992-52957BB2C59E}.Release|Win32.ActiveCfg = Release|Win32
		{DFB5209B-222D-425F-8992-52957BB2C59E}.Release|Win32.Build.0 = Release|Win32
		{A0A9F7F0-33B8-43EF-8588-171047BF2EF6}.Debug|Win32.ActiveCfg = Debug|Win32
		{A0A9F7F0-33B8-43EF-8588-171047BF2EF6}.Debug|Win32.Build.0 = Debug|Win32
		{A0A9F7F0-33B8-43EF-8588-171047BF2EF6}.Release|Win32.ActiveCfg = Release|Win32
		{A0A9F7F0-33B8-43EF-8588-171047BF2EF6}.Release|Win32.Build.0 = Release|Win32
		{7A851EF5-396D-4221-B88E-982C19F04B76}.Debug|Win32.ActiveCfg = Debug|Win32
		{7A851EF5-396D-4221-B88E-982C19F04B76}.Debug|Win32.Build.0 = Debug|Win32
		{7A851EF5-396D-4221-B88E-982C19F04B76}.Release|Win32.ActiveCfg = Release|Win32
		{7A851EF5-396D-4221-B88E-982C19F04B76}.Release|Win32.Build.0 = Release|Win32
		{E8DC0ABD-CBC3-40FB-B5B7-2051982D462B}.Debug|Win32.ActiveCfg = Debug|Win32
		{E8DC0ABD-CBC3-40FB-B5B7-2051982D462B}.Debug|Win32.Build.0 = Debug|Win32
		{E8DC0ABD-CBC3-40FB-B5B7-2051982D462B}.Release|Win32.ActiveCfg = Release|Win32
		{E8DC0ABD-CBC3-40FB-B5B7-2051982D462B}.Release|Win32.Build.0 = Release|Win32
		{02CBB244-E11B-4A18-87AE-A3B5D76B0543}.Debug|Win32.ActiveCfg = Debug|Win32
		{02CBB244-E11B-4A18-87AE-A3B5D76B0543}.Debug|Win32.Build.0 = Debug|Win32
		{02CBB244-E11B-4A18-87AE-A3B5D76B0543}.Release|Win32.ActiveCfg = Release|Win32
		{02CBB244-E11B-4A18-87AE-A3B5D76B0543}.Release|Win32.Build.0 = Release|Win32
		{E0892C34-4D90-48E9-BDB7-738FC032EE37}.Debug|Win32.ActiveCfg = Debug|Win32
		{E0892C34-4D90-48E9-BDB7-738FC032EE37}.Debug|Win32.Build.0 = Debug|Win32
		{E0892C34-4D90-48E9-BDB7-738FC032EE37}.Release|Win32.ActiveCfg = Release|Win32
		{E0892C34-4D90-48E9-BDB7-738FC032EE37}.Release|Win32.Build.0 = Release|Win32
	EndGlobalSection
	GlobalSection(SolutionProperties) = preSolution
		HideSolutionNode = FALSE
	EndGlobalSection
EndGlobal
